
Microsoft Visual Studio Solution File, Format Version 12.00
# Visual Studio Version 17
VisualStudioVersion = 17.14.36603.0 d17.14
MinimumVisualStudioVersion = 10.0.40219.1
Project("{FAE04EC0-301F-11D3-BF4B-00C04F79EFBC}") = "MOANSO T", "MOANSO T\MOANSO T.csproj", "{81509944-2004-4496-A961-0AAB7930F1DA}"
EndProject
Global
	GlobalSection(SolutionConfigurationPlatforms) = preSolution
		Debug|Any CPU = Debug|Any CPU
		Release|Any CPU = Release|Any CPU
	EndGlobalSection
	GlobalSection(ProjectConfigurationPlatforms) = postSolution
		{81509944-2004-4496-A961-0AAB7930F1DA}.Debug|Any CPU.ActiveCfg = Debug|Any CPU
		{81509944-2004-4496-A961-0AAB7930F1DA}.Debug|Any CPU.Build.0 = Debug|Any CPU
		{81509944-2004-4496-A961-0AAB7930F1DA}.Release|Any CPU.ActiveCfg = Release|Any CPU
		{81509944-2004-4496-A961-0AAB7930F1DA}.Release|Any CPU.Build.0 = Release|Any CPU
	EndGlobalSection
	GlobalSection(SolutionProperties) = preSolution
		HideSolutionNode = FALSE
	EndGlobalSection
	GlobalSection(ExtensibilityGlobals) = postSolution
		SolutionGuid = {21B2AA3D-A18D-4396-B440-A705BBA9BF32}
	EndGlobalSection
EndGlobal
