
Microsoft Visual Studio Solution File, Format Version 12.00
# Visual Studio Version 17
VisualStudioVersion = 17.14.36603.0
MinimumVisualStudioVersion = 10.0.40219.1
Project("{FAE04EC0-301F-11D3-BF4B-00C04F79EFBC}") = "1. Capa - Presentacion", "MOANSO T\1. Capa - Presentacion.csproj", "{81509944-2004-4496-A961-0AAB7930F1DA}"
EndProject
Project("{FAE04EC0-301F-11D3-BF4B-00C04F79EFBC}") = "2. Capa - Datos", "2. Capa - Datos\2. Capa - Datos.csproj", "{004C372D-825B-4240-B5CB-1E04B7AC51CF}"
EndProject
Project("{FAE04EC0-301F-11D3-BF4B-00C04F79EFBC}") = "3. Capa - Logica", "3. Capa - Logica\3. Capa - Logica.csproj", "{9DAFB7C8-43FD-4E83-9A5C-9F58A30DD288}"
EndProject
Project("{FAE04EC0-301F-11D3-BF4B-00C04F79EFBC}") = "4. Capa - Entidad", "4. Capa - Entidad\4. Capa - Entidad.csproj", "{CF429ED2-C5EF-492C-BAE0-0F29FEB97196}"
EndProject
Global
	GlobalSection(SolutionConfigurationPlatforms) = preSolution
		Debug|Any CPU = Debug|Any CPU
		Release|Any CPU = Release|Any CPU
	EndGlobalSection
	GlobalSection(ProjectConfigurationPlatforms) = postSolution
		{81509944-2004-4496-A961-0AAB7930F1DA}.Debug|Any CPU.ActiveCfg = Debug|Any CPU
		{81509944-2004-4496-A961-0AAB7930F1DA}.Debug|Any CPU.Build.0 = Debug|Any CPU
		{81509944-2004-4496-A961-0AAB7930F1DA}.Release|Any CPU.ActiveCfg = Release|Any CPU
		{81509944-2004-4496-A961-0AAB7930F1DA}.Release|Any CPU.Build.0 = Release|Any CPU
		{004C372D-825B-4240-B5CB-1E04B7AC51CF}.Debug|Any CPU.ActiveCfg = Debug|Any CPU
		{004C372D-825B-4240-B5CB-1E04B7AC51CF}.Debug|Any CPU.Build.0 = Debug|Any CPU
		{004C372D-825B-4240-B5CB-1E04B7AC51CF}.Release|Any CPU.ActiveCfg = Release|Any CPU
		{004C372D-825B-4240-B5CB-1E04B7AC51CF}.Release|Any CPU.Build.0 = Release|Any CPU
		{9DAFB7C8-43FD-4E83-9A5C-9F58A30DD288}.Debug|Any CPU.ActiveCfg = Debug|Any CPU
		{9DAFB7C8-43FD-4E83-9A5C-9F58A30DD288}.Debug|Any CPU.Build.0 = Debug|Any CPU
		{9DAFB7C8-43FD-4E83-9A5C-9F58A30DD288}.Release|Any CPU.ActiveCfg = Release|Any CPU
		{9DAFB7C8-43FD-4E83-9A5C-9F58A30DD288}.Release|Any CPU.Build.0 = Release|Any CPU
		{CF429ED2-C5EF-492C-BAE0-0F29FEB97196}.Debug|Any CPU.ActiveCfg = Debug|Any CPU
		{CF429ED2-C5EF-492C-BAE0-0F29FEB97196}.Debug|Any CPU.Build.0 = Debug|Any CPU
		{CF429ED2-C5EF-492C-BAE0-0F29FEB97196}.Release|Any CPU.ActiveCfg = Release|Any CPU
		{CF429ED2-C5EF-492C-BAE0-0F29FEB97196}.Release|Any CPU.Build.0 = Release|Any CPU
	EndGlobalSection
	GlobalSection(SolutionProperties) = preSolution
		HideSolutionNode = FALSE
	EndGlobalSection
	GlobalSection(ExtensibilityGlobals) = postSolution
		SolutionGuid = {21B2AA3D-A18D-4396-B440-A705BBA9BF32}
	EndGlobalSection
EndGlobal
